// !$*UTF8*$!
{
	archiveVersion = 1;
	classes = {
	};
	objectVersion = 51;
	objects = {

/* Begin PBXBuildFile section */
		740EF408241AF7A5009A27A2 /* AppDelegate.m in Sources */ = {isa = PBXBuildFile; fileRef = 740EF407241AF7A5009A27A2 /* AppDelegate.m */; };
		740EF40B241AF7A5009A27A2 /* SceneDelegate.m in Sources */ = {isa = PBXBuildFile; fileRef = 740EF40A241AF7A5009A27A2 /* SceneDelegate.m */; };
		740EF40E241AF7A5009A27A2 /* ViewController.m in Sources */ = {isa = PBXBuildFile; fileRef = 740EF40D241AF7A5009A27A2 /* ViewController.m */; };
		740EF411241AF7A5009A27A2 /* Main.storyboard in Resources */ = {isa = PBXBuildFile; fileRef = 740EF40F241AF7A5009A27A2 /* Main.storyboard */; };
		740EF413241AF7A7009A27A2 /* Assets.xcassets in Resources */ = {isa = PBXBuildFile; fileRef = 740EF412241AF7A7009A27A2 /* Assets.xcassets */; };
		740EF416241AF7A7009A27A2 /* LaunchScreen.storyboard in Resources */ = {isa = PBXBuildFile; fileRef = 740EF414241AF7A7009A27A2 /* LaunchScreen.storyboard */; };
		740EF419241AF7A7009A27A2 /* main.m in Sources */ = {isa = PBXBuildFile; fileRef = 740EF418241AF7A7009A27A2 /* main.m */; };
		740EF423241AF7A7009A27A2 /* XLFormTestTests.m in Sources */ = {isa = PBXBuildFile; fileRef = 740EF422241AF7A7009A27A2 /* XLFormTestTests.m */; };
		740EF42E241AF7A7009A27A2 /* XLFormTestUITests.m in Sources */ = {isa = PBXBuildFile; fileRef = 740EF42D241AF7A7009A27A2 /* XLFormTestUITests.m */; };
		740EF43D241AFA28009A27A2 /* ZAGoodsViewController.m in Sources */ = {isa = PBXBuildFile; fileRef = 740EF43C241AFA28009A27A2 /* ZAGoodsViewController.m */; };
		740EF440241AFA43009A27A2 /* ZARecipientsController.m in Sources */ = {isa = PBXBuildFile; fileRef = 740EF43F241AFA43009A27A2 /* ZARecipientsController.m */; };
		740EF446241AFDB0009A27A2 /* ZARequest.m in Sources */ = {isa = PBXBuildFile; fileRef = 740EF445241AFDB0009A27A2 /* ZARequest.m */; };
		740EF449241AFDE3009A27A2 /* BaseNetRequest.m in Sources */ = {isa = PBXBuildFile; fileRef = 740EF448241AFDE3009A27A2 /* BaseNetRequest.m */; };
		740EF44F241AFE47009A27A2 /* Factory.m in Sources */ = {isa = PBXBuildFile; fileRef = 740EF44C241AFE47009A27A2 /* Factory.m */; };
		740EF450241AFE47009A27A2 /* UploadIWithAFNApi.m in Sources */ = {isa = PBXBuildFile; fileRef = 740EF44D241AFE47009A27A2 /* UploadIWithAFNApi.m */; };
		740EF454241B024F009A27A2 /* ZAXFormPickerRecipienCell.m in Sources */ = {isa = PBXBuildFile; fileRef = 740EF453241B024F009A27A2 /* ZAXFormPickerRecipienCell.m */; };
		740EF458241B047A009A27A2 /* XInWenApi.m in Sources */ = {isa = PBXBuildFile; fileRef = 740EF457241B047A009A27A2 /* XInWenApi.m */; };
		740EF45B241B050E009A27A2 /* TwoViewController.m in Sources */ = {isa = PBXBuildFile; fileRef = 740EF45A241B050E009A27A2 /* TwoViewController.m */; };
		740EF45E241B0547009A27A2 /* ZANewCell.m in Sources */ = {isa = PBXBuildFile; fileRef = 740EF45D241B0547009A27A2 /* ZANewCell.m */; };
		740EF461241B056C009A27A2 /* NewModel.m in Sources */ = {isa = PBXBuildFile; fileRef = 740EF460241B056C009A27A2 /* NewModel.m */; };
		92018685A1040CAB3476DD24 /* libPods-XLFormTest.a in Frameworks */ = {isa = PBXBuildFile; fileRef = AC9E176E9FD442A0C0C1487F /* libPods-XLFormTest.a */; };
/* End PBXBuildFile section */

/* Begin PBXContainerItemProxy section */
		740EF41F241AF7A7009A27A2 /* PBXContainerItemProxy */ = {
			isa = PBXContainerItemProxy;
			containerPortal = 740EF3FB241AF7A5009A27A2 /* Project object */;
			proxyType = 1;
			remoteGlobalIDString = 740EF402241AF7A5009A27A2;
			remoteInfo = XLFormTest;
		};
		740EF42A241AF7A7009A27A2 /* PBXContainerItemProxy */ = {
			isa = PBXContainerItemProxy;
			containerPortal = 740EF3FB241AF7A5009A27A2 /* Project object */;
			proxyType = 1;
			remoteGlobalIDString = 740EF402241AF7A5009A27A2;
			remoteInfo = XLFormTest;
		};
/* End PBXContainerItemProxy section */

/* Begin PBXFileReference section */
		740EF403241AF7A5009A27A2 /* XLFormTest.app */ = {isa = PBXFileReference; explicitFileType = wrapper.application; includeInIndex = 0; path = XLFormTest.app; sourceTree = BUILT_PRODUCTS_DIR; };
		740EF406241AF7A5009A27A2 /* AppDelegate.h */ = {isa = PBXFileReference; lastKnownFileType = sourcecode.c.h; path = AppDelegate.h; sourceTree = "<group>"; };
		740EF407241AF7A5009A27A2 /* AppDelegate.m */ = {isa = PBXFileReference; lastKnownFileType = sourcecode.c.objc; path = AppDelegate.m; sourceTree = "<group>"; };
		740EF409241AF7A5009A27A2 /* SceneDelegate.h */ = {isa = PBXFileReference; lastKnownFileType = sourcecode.c.h; path = SceneDelegate.h; sourceTree = "<group>"; };
		740EF40A241AF7A5009A27A2 /* SceneDelegate.m */ = {isa = PBXFileReference; lastKnownFileType = sourcecode.c.objc; path = SceneDelegate.m; sourceTree = "<group>"; };
		740EF40C241AF7A5009A27A2 /* ViewController.h */ = {isa = PBXFileReference; lastKnownFileType = sourcecode.c.h; path = ViewController.h; sourceTree = "<group>"; };
		740EF40D241AF7A5009A27A2 /* ViewController.m */ = {isa = PBXFileReference; lastKnownFileType = sourcecode.c.objc; path = ViewController.m; sourceTree = "<group>"; };
		740EF410241AF7A5009A27A2 /* Base */ = {isa = PBXFileReference; lastKnownFileType = file.storyboard; name = Base; path = Base.lproj/Main.storyboard; sourceTree = "<group>"; };
		740EF412241AF7A7009A27A2 /* Assets.xcassets */ = {isa = PBXFileReference; lastKnownFileType = folder.assetcatalog; path = Assets.xcassets; sourceTree = "<group>"; };
		740EF415241AF7A7009A27A2 /* Base */ = {isa = PBXFileReference; lastKnownFileType = file.storyboard; name = Base; path = Base.lproj/LaunchScreen.storyboard; sourceTree = "<group>"; };
		740EF417241AF7A7009A27A2 /* Info.plist */ = {isa = PBXFileReference; lastKnownFileType = text.plist.xml; path = Info.plist; sourceTree = "<group>"; };
		740EF418241AF7A7009A27A2 /* main.m */ = {isa = PBXFileReference; lastKnownFileType = sourcecode.c.objc; path = main.m; sourceTree = "<group>"; };
		740EF41E241AF7A7009A27A2 /* XLFormTestTests.xctest */ = {isa = PBXFileReference; explicitFileType = wrapper.cfbundle; includeInIndex = 0; path = XLFormTestTests.xctest; sourceTree = BUILT_PRODUCTS_DIR; };
		740EF422241AF7A7009A27A2 /* XLFormTestTests.m */ = {isa = PBXFileReference; lastKnownFileType = sourcecode.c.objc; path = XLFormTestTests.m; sourceTree = "<group>"; };
		740EF424241AF7A7009A27A2 /* Info.plist */ = {isa = PBXFileReference; lastKnownFileType = text.plist.xml; path = Info.plist; sourceTree = "<group>"; };
		740EF429241AF7A7009A27A2 /* XLFormTestUITests.xctest */ = {isa = PBXFileReference; explicitFileType = wrapper.cfbundle; includeInIndex = 0; path = XLFormTestUITests.xctest; sourceTree = BUILT_PRODUCTS_DIR; };
		740EF42D241AF7A7009A27A2 /* XLFormTestUITests.m */ = {isa = PBXFileReference; lastKnownFileType = sourcecode.c.objc; path = XLFormTestUITests.m; sourceTree = "<group>"; };
		740EF42F241AF7A7009A27A2 /* Info.plist */ = {isa = PBXFileReference; lastKnownFileType = text.plist.xml; path = Info.plist; sourceTree = "<group>"; };
		740EF43B241AFA28009A27A2 /* ZAGoodsViewController.h */ = {isa = PBXFileReference; lastKnownFileType = sourcecode.c.h; path = ZAGoodsViewController.h; sourceTree = "<group>"; };
		740EF43C241AFA28009A27A2 /* ZAGoodsViewController.m */ = {isa = PBXFileReference; lastKnownFileType = sourcecode.c.objc; path = ZAGoodsViewController.m; sourceTree = "<group>"; };
		740EF43E241AFA43009A27A2 /* ZARecipientsController.h */ = {isa = PBXFileReference; lastKnownFileType = sourcecode.c.h; path = ZARecipientsController.h; sourceTree = "<group>"; };
		740EF43F241AFA43009A27A2 /* ZARecipientsController.m */ = {isa = PBXFileReference; lastKnownFileType = sourcecode.c.objc; path = ZARecipientsController.m; sourceTree = "<group>"; };
		740EF442241AFC8E009A27A2 /* PrefixHeader.pch */ = {isa = PBXFileReference; lastKnownFileType = sourcecode.c.h; path = PrefixHeader.pch; sourceTree = "<group>"; };
		740EF444241AFDB0009A27A2 /* ZARequest.h */ = {isa = PBXFileReference; lastKnownFileType = sourcecode.c.h; path = ZARequest.h; sourceTree = "<group>"; };
		740EF445241AFDB0009A27A2 /* ZARequest.m */ = {isa = PBXFileReference; lastKnownFileType = sourcecode.c.objc; path = ZARequest.m; sourceTree = "<group>"; };
		740EF447241AFDE3009A27A2 /* BaseNetRequest.h */ = {isa = PBXFileReference; lastKnownFileType = sourcecode.c.h; path = BaseNetRequest.h; sourceTree = "<group>"; };
		740EF448241AFDE3009A27A2 /* BaseNetRequest.m */ = {isa = PBXFileReference; lastKnownFileType = sourcecode.c.objc; path = BaseNetRequest.m; sourceTree = "<group>"; };
		740EF44B241AFE47009A27A2 /* UploadIWithAFNApi.h */ = {isa = PBXFileReference; fileEncoding = 4; lastKnownFileType = sourcecode.c.h; path = UploadIWithAFNApi.h; sourceTree = "<group>"; };
		740EF44C241AFE47009A27A2 /* Factory.m */ = {isa = PBXFileReference; fileEncoding = 4; lastKnownFileType = sourcecode.c.objc; path = Factory.m; sourceTree = "<group>"; };
		740EF44D241AFE47009A27A2 /* UploadIWithAFNApi.m */ = {isa = PBXFileReference; fileEncoding = 4; lastKnownFileType = sourcecode.c.objc; path = UploadIWithAFNApi.m; sourceTree = "<group>"; };
		740EF44E241AFE47009A27A2 /* Factory.h */ = {isa = PBXFileReference; fileEncoding = 4; lastKnownFileType = sourcecode.c.h; path = Factory.h; sourceTree = "<group>"; };
		740EF452241B024F009A27A2 /* ZAXFormPickerRecipienCell.h */ = {isa = PBXFileReference; lastKnownFileType = sourcecode.c.h; path = ZAXFormPickerRecipienCell.h; sourceTree = "<group>"; };
		740EF453241B024F009A27A2 /* ZAXFormPickerRecipienCell.m */ = {isa = PBXFileReference; lastKnownFileType = sourcecode.c.objc; path = ZAXFormPickerRecipienCell.m; sourceTree = "<group>"; };
		740EF456241B047A009A27A2 /* XInWenApi.h */ = {isa = PBXFileReference; lastKnownFileType = sourcecode.c.h; path = XInWenApi.h; sourceTree = "<group>"; };
		740EF457241B047A009A27A2 /* XInWenApi.m */ = {isa = PBXFileReference; lastKnownFileType = sourcecode.c.objc; path = XInWenApi.m; sourceTree = "<group>"; };
		740EF459241B050E009A27A2 /* TwoViewController.h */ = {isa = PBXFileReference; lastKnownFileType = sourcecode.c.h; path = TwoViewController.h; sourceTree = "<group>"; };
		740EF45A241B050E009A27A2 /* TwoViewController.m */ = {isa = PBXFileReference; lastKnownFileType = sourcecode.c.objc; path = TwoViewController.m; sourceTree = "<group>"; };
		740EF45C241B0547009A27A2 /* ZANewCell.h */ = {isa = PBXFileReference; lastKnownFileType = sourcecode.c.h; path = ZANewCell.h; sourceTree = "<group>"; };
		740EF45D241B0547009A27A2 /* ZANewCell.m */ = {isa = PBXFileReference; lastKnownFileType = sourcecode.c.objc; path = ZANewCell.m; sourceTree = "<group>"; };
		740EF45F241B056C009A27A2 /* NewModel.h */ = {isa = PBXFileReference; lastKnownFileType = sourcecode.c.h; path = NewModel.h; sourceTree = "<group>"; };
		740EF460241B056C009A27A2 /* NewModel.m */ = {isa = PBXFileReference; lastKnownFileType = sourcecode.c.objc; path = NewModel.m; sourceTree = "<group>"; };
		894E486BF0CBBDD01CF965FF /* Pods-XLFormTest.release.xcconfig */ = {isa = PBXFileReference; includeInIndex = 1; lastKnownFileType = text.xcconfig; name = "Pods-XLFormTest.release.xcconfig"; path = "Target Support Files/Pods-XLFormTest/Pods-XLFormTest.release.xcconfig"; sourceTree = "<group>"; };
		ABDA0821017170070C907030 /* Pods-XLFormTest.debug.xcconfig */ = {isa = PBXFileReference; includeInIndex = 1; lastKnownFileType = text.xcconfig; name = "Pods-XLFormTest.debug.xcconfig"; path = "Target Support Files/Pods-XLFormTest/Pods-XLFormTest.debug.xcconfig"; sourceTree = "<group>"; };
		AC9E176E9FD442A0C0C1487F /* libPods-XLFormTest.a */ = {isa = PBXFileReference; explicitFileType = archive.ar; includeInIndex = 0; path = "libPods-XLFormTest.a"; sourceTree = BUILT_PRODUCTS_DIR; };
/* End PBXFileReference section */

/* Begin PBXFrameworksBuildPhase section */
		740EF400241AF7A5009A27A2 /* Frameworks */ = {
			isa = PBXFrameworksBuildPhase;
			buildActionMask = 2147483647;
			files = (
				92018685A1040CAB3476DD24 /* libPods-XLFormTest.a in Frameworks */,
			);
			runOnlyForDeploymentPostprocessing = 0;
		};
		740EF41B241AF7A7009A27A2 /* Frameworks */ = {
			isa = PBXFrameworksBuildPhase;
			buildActionMask = 2147483647;
			files = (
			);
			runOnlyForDeploymentPostprocessing = 0;
		};
		740EF426241AF7A7009A27A2 /* Frameworks */ = {
			isa = PBXFrameworksBuildPhase;
			buildActionMask = 2147483647;
			files = (
			);
			runOnlyForDeploymentPostprocessing = 0;
		};
/* End PBXFrameworksBuildPhase section */

/* Begin PBXGroup section */
		55667AE8ED2F18B6C2E3429D /* Pods */ = {
			isa = PBXGroup;
			children = (
				ABDA0821017170070C907030 /* Pods-XLFormTest.debug.xcconfig */,
				894E486BF0CBBDD01CF965FF /* Pods-XLFormTest.release.xcconfig */,
			);
			path = Pods;
			sourceTree = "<group>";
		};
		740EF3FA241AF7A5009A27A2 = {
			isa = PBXGroup;
			children = (
				740EF405241AF7A5009A27A2 /* XLFormTest */,
				740EF421241AF7A7009A27A2 /* XLFormTestTests */,
				740EF42C241AF7A7009A27A2 /* XLFormTestUITests */,
				740EF404241AF7A5009A27A2 /* Products */,
				55667AE8ED2F18B6C2E3429D /* Pods */,
				E90A63E7CDE0C87E4739EF84 /* Frameworks */,
			);
			sourceTree = "<group>";
		};
		740EF404241AF7A5009A27A2 /* Products */ = {
			isa = PBXGroup;
			children = (
				740EF403241AF7A5009A27A2 /* XLFormTest.app */,
				740EF41E241AF7A7009A27A2 /* XLFormTestTests.xctest */,
				740EF429241AF7A7009A27A2 /* XLFormTestUITests.xctest */,
			);
			name = Products;
			sourceTree = "<group>";
		};
		740EF405241AF7A5009A27A2 /* XLFormTest */ = {
			isa = PBXGroup;
			children = (
				740EF443241AFD90009A27A2 /* 封装网络请求 */,
				740EF441241AFC65009A27A2 /* 上传表单应用 */,
				740EF406241AF7A5009A27A2 /* AppDelegate.h */,
				740EF407241AF7A5009A27A2 /* AppDelegate.m */,
				740EF409241AF7A5009A27A2 /* SceneDelegate.h */,
				740EF40A241AF7A5009A27A2 /* SceneDelegate.m */,
				740EF40C241AF7A5009A27A2 /* ViewController.h */,
				740EF40D241AF7A5009A27A2 /* ViewController.m */,
				740EF43E241AFA43009A27A2 /* ZARecipientsController.h */,
				740EF43F241AFA43009A27A2 /* ZARecipientsController.m */,
				740EF442241AFC8E009A27A2 /* PrefixHeader.pch */,
				740EF40F241AF7A5009A27A2 /* Main.storyboard */,
				740EF412241AF7A7009A27A2 /* Assets.xcassets */,
				740EF414241AF7A7009A27A2 /* LaunchScreen.storyboard */,
				740EF417241AF7A7009A27A2 /* Info.plist */,
				740EF418241AF7A7009A27A2 /* main.m */,
			);
			path = XLFormTest;
			sourceTree = "<group>";
		};
		740EF421241AF7A7009A27A2 /* XLFormTestTests */ = {
			isa = PBXGroup;
			children = (
				740EF422241AF7A7009A27A2 /* XLFormTestTests.m */,
				740EF424241AF7A7009A27A2 /* Info.plist */,
			);
			path = XLFormTestTests;
			sourceTree = "<group>";
		};
		740EF42C241AF7A7009A27A2 /* XLFormTestUITests */ = {
			isa = PBXGroup;
			children = (
				740EF42D241AF7A7009A27A2 /* XLFormTestUITests.m */,
				740EF42F241AF7A7009A27A2 /* Info.plist */,
			);
			path = XLFormTestUITests;
			sourceTree = "<group>";
		};
		740EF441241AFC65009A27A2 /* 上传表单应用 */ = {
			isa = PBXGroup;
			children = (
				740EF455241B0426009A27A2 /* B页面 */,
				740EF451241B0224009A27A2 /* 传值 */,
				740EF43B241AFA28009A27A2 /* ZAGoodsViewController.h */,
				740EF43C241AFA28009A27A2 /* ZAGoodsViewController.m */,
			);
			path = "上传表单应用";
			sourceTree = "<group>";
		};
		740EF443241AFD90009A27A2 /* 封装网络请求 */ = {
			isa = PBXGroup;
			children = (
				740EF44A241AFE47009A27A2 /* 上传图片 */,
				740EF444241AFDB0009A27A2 /* ZARequest.h */,
				740EF445241AFDB0009A27A2 /* ZARequest.m */,
				740EF447241AFDE3009A27A2 /* BaseNetRequest.h */,
				740EF448241AFDE3009A27A2 /* BaseNetRequest.m */,
			);
			path = "封装网络请求";
			sourceTree = "<group>";
		};
		740EF44A241AFE47009A27A2 /* 上传图片 */ = {
			isa = PBXGroup;
			children = (
				740EF44B241AFE47009A27A2 /* UploadIWithAFNApi.h */,
				740EF44D241AFE47009A27A2 /* UploadIWithAFNApi.m */,
				740EF44E241AFE47009A27A2 /* Factory.h */,
				740EF44C241AFE47009A27A2 /* Factory.m */,
			);
			path = "上传图片";
			sourceTree = "<group>";
		};
		740EF451241B0224009A27A2 /* 传值 */ = {
			isa = PBXGroup;
			children = (
				740EF452241B024F009A27A2 /* ZAXFormPickerRecipienCell.h */,
				740EF453241B024F009A27A2 /* ZAXFormPickerRecipienCell.m */,
			);
			path = "传值";
			sourceTree = "<group>";
		};
		740EF455241B0426009A27A2 /* B页面 */ = {
			isa = PBXGroup;
			children = (
				740EF456241B047A009A27A2 /* XInWenApi.h */,
				740EF457241B047A009A27A2 /* XInWenApi.m */,
				740EF459241B050E009A27A2 /* TwoViewController.h */,
				740EF45A241B050E009A27A2 /* TwoViewController.m */,
				740EF45C241B0547009A27A2 /* ZANewCell.h */,
				740EF45D241B0547009A27A2 /* ZANewCell.m */,
				740EF45F241B056C009A27A2 /* NewModel.h */,
				740EF460241B056C009A27A2 /* NewModel.m */,
			);
			path = "B页面";
			sourceTree = "<group>";
		};
		E90A63E7CDE0C87E4739EF84 /* Frameworks */ = {
			isa = PBXGroup;
			children = (
				AC9E176E9FD442A0C0C1487F /* libPods-XLFormTest.a */,
			);
			name = Frameworks;
			sourceTree = "<group>";
		};
/* End PBXGroup section */

/* Begin PBXNativeTarget section */
		740EF402241AF7A5009A27A2 /* XLFormTest */ = {
			isa = PBXNativeTarget;
			buildConfigurationList = 740EF432241AF7A7009A27A2 /* Build configuration list for PBXNativeTarget "XLFormTest" */;
			buildPhases = (
				4ACD0A4CA133293B39AD6F7E /* [CP] Check Pods Manifest.lock */,
				740EF3FF241AF7A5009A27A2 /* Sources */,
				740EF400241AF7A5009A27A2 /* Frameworks */,
				740EF401241AF7A5009A27A2 /* Resources */,
				07CDFF5B6837F3BFBA04A4F1 /* [CP] Copy Pods Resources */,
			);
			buildRules = (
			);
			dependencies = (
			);
			name = XLFormTest;
			productName = XLFormTest;
			productReference = 740EF403241AF7A5009A27A2 /* XLFormTest.app */;
			productType = "com.apple.product-type.application";
		};
		740EF41D241AF7A7009A27A2 /* XLFormTestTests */ = {
			isa = PBXNativeTarget;
			buildConfigurationList = 740EF435241AF7A7009A27A2 /* Build configuration list for PBXNativeTarget "XLFormTestTests" */;
			buildPhases = (
				740EF41A241AF7A7009A27A2 /* Sources */,
				740EF41B241AF7A7009A27A2 /* Frameworks */,
				740EF41C241AF7A7009A27A2 /* Resources */,
			);
			buildRules = (
			);
			dependencies = (
				740EF420241AF7A7009A27A2 /* PBXTargetDependency */,
			);
			name = XLFormTestTests;
			productName = XLFormTestTests;
			productReference = 740EF41E241AF7A7009A27A2 /* XLFormTestTests.xctest */;
			productType = "com.apple.product-type.bundle.unit-test";
		};
		740EF428241AF7A7009A27A2 /* XLFormTestUITests */ = {
			isa = PBXNativeTarget;
			buildConfigurationList = 740EF438241AF7A7009A27A2 /* Build configuration list for PBXNativeTarget "XLFormTestUITests" */;
			buildPhases = (
				740EF425241AF7A7009A27A2 /* Sources */,
				740EF426241AF7A7009A27A2 /* Frameworks */,
				740EF427241AF7A7009A27A2 /* Resources */,
			);
			buildRules = (
			);
			dependencies = (
				740EF42B241AF7A7009A27A2 /* PBXTargetDependency */,
			);
			name = XLFormTestUITests;
			productName = XLFormTestUITests;
			productReference = 740EF429241AF7A7009A27A2 /* XLFormTestUITests.xctest */;
			productType = "com.apple.product-type.bundle.ui-testing";
		};
/* End PBXNativeTarget section */

/* Begin PBXProject section */
		740EF3FB241AF7A5009A27A2 /* Project object */ = {
			isa = PBXProject;
			attributes = {
				LastUpgradeCheck = 1130;
				ORGANIZATIONNAME = "https://github.com/ZongAng123";
				TargetAttributes = {
					740EF402241AF7A5009A27A2 = {
						CreatedOnToolsVersion = 11.3;
					};
					740EF41D241AF7A7009A27A2 = {
						CreatedOnToolsVersion = 11.3;
						TestTargetID = 740EF402241AF7A5009A27A2;
					};
					740EF428241AF7A7009A27A2 = {
						CreatedOnToolsVersion = 11.3;
						TestTargetID = 740EF402241AF7A5009A27A2;
					};
				};
			};
			buildConfigurationList = 740EF3FE241AF7A5009A27A2 /* Build configuration list for PBXProject "XLFormTest" */;
			compatibilityVersion = "Xcode 9.3";
			developmentRegion = en;
			hasScannedForEncodings = 0;
			knownRegions = (
				en,
				Base,
			);
			mainGroup = 740EF3FA241AF7A5009A27A2;
			productRefGroup = 740EF404241AF7A5009A27A2 /* Products */;
			projectDirPath = "";
			projectRoot = "";
			targets = (
				740EF402241AF7A5009A27A2 /* XLFormTest */,
				740EF41D241AF7A7009A27A2 /* XLFormTestTests */,
				740EF428241AF7A7009A27A2 /* XLFormTestUITests */,
			);
		};
/* End PBXProject section */

/* Begin PBXResourcesBuildPhase section */
		740EF401241AF7A5009A27A2 /* Resources */ = {
			isa = PBXResourcesBuildPhase;
			buildActionMask = 2147483647;
			files = (
				740EF416241AF7A7009A27A2 /* LaunchScreen.storyboard in Resources */,
				740EF413241AF7A7009A27A2 /* Assets.xcassets in Resources */,
				740EF411241AF7A5009A27A2 /* Main.storyboard in Resources */,
			);
			runOnlyForDeploymentPostprocessing = 0;
		};
		740EF41C241AF7A7009A27A2 /* Resources */ = {
			isa = PBXResourcesBuildPhase;
			buildActionMask = 2147483647;
			files = (
			);
			runOnlyForDeploymentPostprocessing = 0;
		};
		740EF427241AF7A7009A27A2 /* Resources */ = {
			isa = PBXResourcesBuildPhase;
			buildActionMask = 2147483647;
			files = (
			);
			runOnlyForDeploymentPostprocessing = 0;
		};
/* End PBXResourcesBuildPhase section */

/* Begin PBXShellScriptBuildPhase section */
		07CDFF5B6837F3BFBA04A4F1 /* [CP] Copy Pods Resources */ = {
			isa = PBXShellScriptBuildPhase;
			buildActionMask = 2147483647;
			files = (
			);
			inputFileListPaths = (
				"${PODS_ROOT}/Target Support Files/Pods-XLFormTest/Pods-XLFormTest-resources-${CONFIGURATION}-input-files.xcfilelist",
			);
			name = "[CP] Copy Pods Resources";
			outputFileListPaths = (
				"${PODS_ROOT}/Target Support Files/Pods-XLFormTest/Pods-XLFormTest-resources-${CONFIGURATION}-output-files.xcfilelist",
			);
			runOnlyForDeploymentPostprocessing = 0;
			shellPath = /bin/sh;
			shellScript = "\"${PODS_ROOT}/Target Support Files/Pods-XLFormTest/Pods-XLFormTest-resources.sh\"\n";
			showEnvVarsInLog = 0;
		};
		4ACD0A4CA133293B39AD6F7E /* [CP] Check Pods Manifest.lock */ = {
			isa = PBXShellScriptBuildPhase;
			buildActionMask = 2147483647;
			files = (
			);
			inputFileListPaths = (
			);
			inputPaths = (
				"${PODS_PODFILE_DIR_PATH}/Podfile.lock",
				"${PODS_ROOT}/Manifest.lock",
			);
			name = "[CP] Check Pods Manifest.lock";
			outputFileListPaths = (
			);
			outputPaths = (
				"$(DERIVED_FILE_DIR)/Pods-XLFormTest-checkManifestLockResult.txt",
			);
			runOnlyForDeploymentPostprocessing = 0;
			shellPath = /bin/sh;
			shellScript = "diff \"${PODS_PODFILE_DIR_PATH}/Podfile.lock\" \"${PODS_ROOT}/Manifest.lock\" > /dev/null\nif [ $? != 0 ] ; then\n    # print error to STDERR\n    echo \"error: The sandbox is not in sync with the Podfile.lock. Run 'pod install' or update your CocoaPods installation.\" >&2\n    exit 1\nfi\n# This output is used by Xcode 'outputs' to avoid re-running this script phase.\necho \"SUCCESS\" > \"${SCRIPT_OUTPUT_FILE_0}\"\n";
			showEnvVarsInLog = 0;
		};
/* End PBXShellScriptBuildPhase section */

/* Begin PBXSourcesBuildPhase section */
		740EF3FF241AF7A5009A27A2 /* Sources */ = {
			isa = PBXSourcesBuildPhase;
			buildActionMask = 2147483647;
			files = (
				740EF45B241B050E009A27A2 /* TwoViewController.m in Sources */,
				740EF440241AFA43009A27A2 /* ZARecipientsController.m in Sources */,
				740EF454241B024F009A27A2 /* ZAXFormPickerRecipienCell.m in Sources */,
				740EF44F241AFE47009A27A2 /* Factory.m in Sources */,
				740EF40E241AF7A5009A27A2 /* ViewController.m in Sources */,
				740EF450241AFE47009A27A2 /* UploadIWithAFNApi.m in Sources */,
				740EF43D241AFA28009A27A2 /* ZAGoodsViewController.m in Sources */,
				740EF45E241B0547009A27A2 /* ZANewCell.m in Sources */,
				740EF408241AF7A5009A27A2 /* AppDelegate.m in Sources */,
				740EF419241AF7A7009A27A2 /* main.m in Sources */,
				740EF40B241AF7A5009A27A2 /* SceneDelegate.m in Sources */,
				740EF458241B047A009A27A2 /* XInWenApi.m in Sources */,
				740EF449241AFDE3009A27A2 /* BaseNetRequest.m in Sources */,
				740EF461241B056C009A27A2 /* NewModel.m in Sources */,
				740EF446241AFDB0009A27A2 /* ZARequest.m in Sources */,
			);
			runOnlyForDeploymentPostprocessing = 0;
		};
		740EF41A241AF7A7009A27A2 /* Sources */ = {
			isa = PBXSourcesBuildPhase;
			buildActionMask = 2147483647;
			files = (
				740EF423241AF7A7009A27A2 /* XLFormTestTests.m in Sources */,
			);
			runOnlyForDeploymentPostprocessing = 0;
		};
		740EF425241AF7A7009A27A2 /* Sources */ = {
			isa = PBXSourcesBuildPhase;
			buildActionMask = 2147483647;
			files = (
				740EF42E241AF7A7009A27A2 /* XLFormTestUITests.m in Sources */,
			);
			runOnlyForDeploymentPostprocessing = 0;
		};
/* End PBXSourcesBuildPhase section */

/* Begin PBXTargetDependency section */
		740EF420241AF7A7009A27A2 /* PBXTargetDependency */ = {
			isa = PBXTargetDependency;
			target = 740EF402241AF7A5009A27A2 /* XLFormTest */;
			targetProxy = 740EF41F241AF7A7009A27A2 /* PBXContainerItemProxy */;
		};
		740EF42B241AF7A7009A27A2 /* PBXTargetDependency */ = {
			isa = PBXTargetDependency;
			target = 740EF402241AF7A5009A27A2 /* XLFormTest */;
			targetProxy = 740EF42A241AF7A7009A27A2 /* PBXContainerItemProxy */;
		};
/* End PBXTargetDependency section */

/* Begin PBXVariantGroup section */
		740EF40F241AF7A5009A27A2 /* Main.storyboard */ = {
			isa = PBXVariantGroup;
			children = (
				740EF410241AF7A5009A27A2 /* Base */,
			);
			name = Main.storyboard;
			sourceTree = "<group>";
		};
		740EF414241AF7A7009A27A2 /* LaunchScreen.storyboard */ = {
			isa = PBXVariantGroup;
			children = (
				740EF415241AF7A7009A27A2 /* Base */,
			);
			name = LaunchScreen.storyboard;
			sourceTree = "<group>";
		};
/* End PBXVariantGroup section */

/* Begin XCBuildConfiguration section */
		740EF430241AF7A7009A27A2 /* Debug */ = {
			isa = XCBuildConfiguration;
			buildSettings = {
				ALWAYS_SEARCH_USER_PATHS = NO;
				CLANG_ANALYZER_NONNULL = YES;
				CLANG_ANALYZER_NUMBER_OBJECT_CONVERSION = YES_AGGRESSIVE;
				CLANG_CXX_LANGUAGE_STANDARD = "gnu++14";
				CLANG_CXX_LIBRARY = "libc++";
				CLANG_ENABLE_MODULES = YES;
				CLANG_ENABLE_OBJC_ARC = YES;
				CLANG_ENABLE_OBJC_WEAK = YES;
				CLANG_WARN_BLOCK_CAPTURE_AUTORELEASING = YES;
				CLANG_WARN_BOOL_CONVERSION = YES;
				CLANG_WARN_COMMA = YES;
				CLANG_WARN_CONSTANT_CONVERSION = YES;
				CLANG_WARN_DEPRECATED_OBJC_IMPLEMENTATIONS = YES;
				CLANG_WARN_DIRECT_OBJC_ISA_USAGE = YES_ERROR;
				CLANG_WARN_DOCUMENTATION_COMMENTS = YES;
				CLANG_WARN_EMPTY_BODY = YES;
				CLANG_WARN_ENUM_CONVERSION = YES;
				CLANG_WARN_INFINITE_RECURSION = YES;
				CLANG_WARN_INT_CONVERSION = YES;
				CLANG_WARN_NON_LITERAL_NULL_CONVERSION = YES;
				CLANG_WARN_OBJC_IMPLICIT_RETAIN_SELF = YES;
				CLANG_WARN_OBJC_LITERAL_CONVERSION = YES;
				CLANG_WARN_OBJC_ROOT_CLASS = YES_ERROR;
				CLANG_WARN_RANGE_LOOP_ANALYSIS = YES;
				CLANG_WARN_STRICT_PROTOTYPES = YES;
				CLANG_WARN_SUSPICIOUS_MOVE = YES;
				CLANG_WARN_UNGUARDED_AVAILABILITY = YES_AGGRESSIVE;
				CLANG_WARN_UNREACHABLE_CODE = YES;
				CLANG_WARN__DUPLICATE_METHOD_MATCH = YES;
				COPY_PHASE_STRIP = NO;
				DEBUG_INFORMATION_FORMAT = dwarf;
				ENABLE_STRICT_OBJC_MSGSEND = YES;
				ENABLE_TESTABILITY = YES;
				GCC_C_LANGUAGE_STANDARD = gnu11;
				GCC_DYNAMIC_NO_PIC = NO;
				GCC_NO_COMMON_BLOCKS = YES;
				GCC_OPTIMIZATION_LEVEL = 0;
				GCC_PREPROCESSOR_DEFINITIONS = (
					"DEBUG=1",
					"$(inherited)",
				);
				GCC_WARN_64_TO_32_BIT_CONVERSION = YES;
				GCC_WARN_ABOUT_RETURN_TYPE = YES_ERROR;
				GCC_WARN_UNDECLARED_SELECTOR = YES;
				GCC_WARN_UNINITIALIZED_AUTOS = YES_AGGRESSIVE;
				GCC_WARN_UNUSED_FUNCTION = YES;
				GCC_WARN_UNUSED_VARIABLE = YES;
				IPHONEOS_DEPLOYMENT_TARGET = 13.2;
				MTL_ENABLE_DEBUG_INFO = INCLUDE_SOURCE;
				MTL_FAST_MATH = YES;
				ONLY_ACTIVE_ARCH = YES;
				SDKROOT = iphoneos;
			};
			name = Debug;
		};
		740EF431241AF7A7009A27A2 /* Release */ = {
			isa = XCBuildConfiguration;
			buildSettings = {
				ALWAYS_SEARCH_USER_PATHS = NO;
				CLANG_ANALYZER_NONNULL = YES;
				CLANG_ANALYZER_NUMBER_OBJECT_CONVERSION = YES_AGGRESSIVE;
				CLANG_CXX_LANGUAGE_STANDARD = "gnu++14";
				CLANG_CXX_LIBRARY = "libc++";
				CLANG_ENABLE_MODULES = YES;
				CLANG_ENABLE_OBJC_ARC = YES;
				CLANG_ENABLE_OBJC_WEAK = YES;
				CLANG_WARN_BLOCK_CAPTURE_AUTORELEASING = YES;
				CLANG_WARN_BOOL_CONVERSION = YES;
				CLANG_WARN_COMMA = YES;
				CLANG_WARN_CONSTANT_CONVERSION = YES;
				CLANG_WARN_DEPRECATED_OBJC_IMPLEMENTATIONS = YES;
				CLANG_WARN_DIRECT_OBJC_ISA_USAGE = YES_ERROR;
				CLANG_WARN_DOCUMENTATION_COMMENTS = YES;
				CLANG_WARN_EMPTY_BODY = YES;
				CLANG_WARN_ENUM_CONVERSION = YES;
				CLANG_WARN_INFINITE_RECURSION = YES;
				CLANG_WARN_INT_CONVERSION = YES;
				CLANG_WARN_NON_LITERAL_NULL_CONVERSION = YES;
				CLANG_WARN_OBJC_IMPLICIT_RETAIN_SELF = YES;
				CLANG_WARN_OBJC_LITERAL_CONVERSION = YES;
				CLANG_WARN_OBJC_ROOT_CLASS = YES_ERROR;
				CLANG_WARN_RANGE_LOOP_ANALYSIS = YES;
				CLANG_WARN_STRICT_PROTOTYPES = YES;
				CLANG_WARN_SUSPICIOUS_MOVE = YES;
				CLANG_WARN_UNGUARDED_AVAILABILITY = YES_AGGRESSIVE;
				CLANG_WARN_UNREACHABLE_CODE = YES;
				CLANG_WARN__DUPLICATE_METHOD_MATCH = YES;
				COPY_PHASE_STRIP = NO;
				DEBUG_INFORMATION_FORMAT = "dwarf-with-dsym";
				ENABLE_NS_ASSERTIONS = NO;
				ENABLE_STRICT_OBJC_MSGSEND = YES;
				GCC_C_LANGUAGE_STANDARD = gnu11;
				GCC_NO_COMMON_BLOCKS = YES;
				GCC_WARN_64_TO_32_BIT_CONVERSION = YES;
				GCC_WARN_ABOUT_RETURN_TYPE = YES_ERROR;
				GCC_WARN_UNDECLARED_SELECTOR = YES;
				GCC_WARN_UNINITIALIZED_AUTOS = YES_AGGRESSIVE;
				GCC_WARN_UNUSED_FUNCTION = YES;
				GCC_WARN_UNUSED_VARIABLE = YES;
				IPHONEOS_DEPLOYMENT_TARGET = 13.2;
				MTL_ENABLE_DEBUG_INFO = NO;
				MTL_FAST_MATH = YES;
				SDKROOT = iphoneos;
				VALIDATE_PRODUCT = YES;
			};
			name = Release;
		};
		740EF433241AF7A7009A27A2 /* Debug */ = {
			isa = XCBuildConfiguration;
			baseConfigurationReference = ABDA0821017170070C907030 /* Pods-XLFormTest.debug.xcconfig */;
			buildSettings = {
				ASSETCATALOG_COMPILER_APPICON_NAME = AppIcon;
				CODE_SIGN_STYLE = Automatic;
				DEVELOPMENT_TEAM = 7BADQA5FST;
				GCC_PREFIX_HEADER = "$(SRCROOT)/XLFormTest/PrefixHeader.pch";
				INFOPLIST_FILE = XLFormTest/Info.plist;
				IPHONEOS_DEPLOYMENT_TARGET = 12.4;
				LD_RUNPATH_SEARCH_PATHS = (
					"$(inherited)",
					"@executable_path/Frameworks",
				);
				PRODUCT_BUNDLE_IDENTIFIER = com.zongang.XLFormTest;
				PRODUCT_NAME = "$(TARGET_NAME)";
				TARGETED_DEVICE_FAMILY = "1,2";
			};
			name = Debug;
		};
		740EF434241AF7A7009A27A2 /* Release */ = {
			isa = XCBuildConfiguration;
			baseConfigurationReference = 894E486BF0CBBDD01CF965FF /* Pods-XLFormTest.release.xcconfig */;
			buildSettings = {
				ASSETCATALOG_COMPILER_APPICON_NAME = AppIcon;
				CODE_SIGN_STYLE = Automatic;
				DEVELOPMENT_TEAM = 7BADQA5FST;
				GCC_PREFIX_HEADER = "$(SRCROOT)/XLFormTest/PrefixHeader.pch";
				INFOPLIST_FILE = XLFormTest/Info.plist;
				IPHONEOS_DEPLOYMENT_TARGET = 12.4;
				LD_RUNPATH_SEARCH_PATHS = (
					"$(inherited)",
					"@executable_path/Frameworks",
				);
				PRODUCT_BUNDLE_IDENTIFIER = com.zongang.XLFormTest;
				PRODUCT_NAME = "$(TARGET_NAME)";
				TARGETED_DEVICE_FAMILY = "1,2";
			};
			name = Release;
		};
		740EF436241AF7A7009A27A2 /* Debug */ = {
			isa = XCBuildConfiguration;
			buildSettings = {
				BUNDLE_LOADER = "$(TEST_HOST)";
				CODE_SIGN_STYLE = Automatic;
				DEVELOPMENT_TEAM = 7BADQA5FST;
				INFOPLIST_FILE = XLFormTestTests/Info.plist;
				IPHONEOS_DEPLOYMENT_TARGET = 13.2;
				LD_RUNPATH_SEARCH_PATHS = (
					"$(inherited)",
					"@executable_path/Frameworks",
					"@loader_path/Frameworks",
				);
				PRODUCT_BUNDLE_IDENTIFIER = com.zongang.XLFormTestTests;
				PRODUCT_NAME = "$(TARGET_NAME)";
				TARGETED_DEVICE_FAMILY = "1,2";
				TEST_HOST = "$(BUILT_PRODUCTS_DIR)/XLFormTest.app/XLFormTest";
			};
			name = Debug;
		};
		740EF437241AF7A7009A27A2 /* Release */ = {
			isa = XCBuildConfiguration;
			buildSettings = {
				BUNDLE_LOADER = "$(TEST_HOST)";
				CODE_SIGN_STYLE = Automatic;
				DEVELOPMENT_TEAM = 7BADQA5FST;
				INFOPLIST_FILE = XLFormTestTests/Info.plist;
				IPHONEOS_DEPLOYMENT_TARGET = 13.2;
				LD_RUNPATH_SEARCH_PATHS = (
					"$(inherited)",
					"@executable_path/Frameworks",
					"@loader_path/Frameworks",
				);
				PRODUCT_BUNDLE_IDENTIFIER = com.zongang.XLFormTestTests;
				PRODUCT_NAME = "$(TARGET_NAME)";
				TARGETED_DEVICE_FAMILY = "1,2";
				TEST_HOST = "$(BUILT_PRODUCTS_DIR)/XLFormTest.app/XLFormTest";
			};
			name = Release;
		};
		740EF439241AF7A7009A27A2 /* Debug */ = {
			isa = XCBuildConfiguration;
			buildSettings = {
				CODE_SIGN_STYLE = Automatic;
				DEVELOPMENT_TEAM = 7BADQA5FST;
				INFOPLIST_FILE = XLFormTestUITests/Info.plist;
				LD_RUNPATH_SEARCH_PATHS = (
					"$(inherited)",
					"@executable_path/Frameworks",
					"@loader_path/Frameworks",
				);
				PRODUCT_BUNDLE_IDENTIFIER = com.zongang.XLFormTestUITests;
				PRODUCT_NAME = "$(TARGET_NAME)";
				TARGETED_DEVICE_FAMILY = "1,2";
				TEST_TARGET_NAME = XLFormTest;
			};
			name = Debug;
		};
		740EF43A241AF7A7009A27A2 /* Release */ = {
			isa = XCBuildConfiguration;
			buildSettings = {
				CODE_SIGN_STYLE = Automatic;
				DEVELOPMENT_TEAM = 7BADQA5FST;
				INFOPLIST_FILE = XLFormTestUITests/Info.plist;
				LD_RUNPATH_SEARCH_PATHS = (
					"$(inherited)",
					"@executable_path/Frameworks",
					"@loader_path/Frameworks",
				);
				PRODUCT_BUNDLE_IDENTIFIER = com.zongang.XLFormTestUITests;
				PRODUCT_NAME = "$(TARGET_NAME)";
				TARGETED_DEVICE_FAMILY = "1,2";
				TEST_TARGET_NAME = XLFormTest;
			};
			name = Release;
		};
/* End XCBuildConfiguration section */

/* Begin XCConfigurationList section */
		740EF3FE241AF7A5009A27A2 /* Build configuration list for PBXProject "XLFormTest" */ = {
			isa = XCConfigurationList;
			buildConfigurations = (
				740EF430241AF7A7009A27A2 /* Debug */,
				740EF431241AF7A7009A27A2 /* Release */,
			);
			defaultConfigurationIsVisible = 0;
			defaultConfigurationName = Release;
		};
		740EF432241AF7A7009A27A2 /* Build configuration list for PBXNativeTarget "XLFormTest" */ = {
			isa = XCConfigurationList;
			buildConfigurations = (
				740EF433241AF7A7009A27A2 /* Debug */,
				740EF434241AF7A7009A27A2 /* Release */,
			);
			defaultConfigurationIsVisible = 0;
			defaultConfigurationName = Release;
		};
		740EF435241AF7A7009A27A2 /* Build configuration list for PBXNativeTarget "XLFormTestTests" */ = {
			isa = XCConfigurationList;
			buildConfigurations = (
				740EF436241AF7A7009A27A2 /* Debug */,
				740EF437241AF7A7009A27A2 /* Release */,
			);
			defaultConfigurationIsVisible = 0;
			defaultConfigurationName = Release;
		};
		740EF438241AF7A7009A27A2 /* Build configuration list for PBXNativeTarget "XLFormTestUITests" */ = {
			isa = XCConfigurationList;
			buildConfigurations = (
				740EF439241AF7A7009A27A2 /* Debug */,
				740EF43A241AF7A7009A27A2 /* Release */,
			);
			defaultConfigurationIsVisible = 0;
			defaultConfigurationName = Release;
		};
/* End XCConfigurationList section */
	};
	rootObject = 740EF3FB241AF7A5009A27A2 /* Project object */;
}
